
Microsoft Visual Studio Solution File, Format Version 12.00
# Visual Studio Version 16
VisualStudioVersion = 16.0.29102.190
MinimumVisualStudioVersion = 10.0.40219.1
Project("{888888A0-9F3D-457C-B088-3A5042F75D52}") = "Discord Correction Bot", "Discord Correction Bot.pyproj", "{C734B9E1-A840-41BF-A02E-9D3ABD8E274D}"
EndProject
Global
	GlobalSection(SolutionConfigurationPlatforms) = preSolution
		Debug|Any CPU = Debug|Any CPU
		Release|Any CPU = Release|Any CPU
	EndGlobalSection
	GlobalSection(ProjectConfigurationPlatforms) = postSolution
		{C734B9E1-A840-41BF-A02E-9D3ABD8E274D}.Debug|Any CPU.ActiveCfg = Debug|Any CPU
		{C734B9E1-A840-41BF-A02E-9D3ABD8E274D}.Release|Any CPU.ActiveCfg = Release|Any CPU
	EndGlobalSection
	GlobalSection(SolutionProperties) = preSolution
		HideSolutionNode = FALSE
	EndGlobalSection
	GlobalSection(ExtensibilityGlobals) = postSolution
		SolutionGuid = {D3EC41CA-D52A-4D99-9D5B-D96789B1FB7C}
	EndGlobalSection
EndGlobal
